
Microsoft Visual Studio Solution File, Format Version 12.00
# Visual Studio Version 16
VisualStudioVersion = 16.0.31424.327
MinimumVisualStudioVersion = 10.0.40219.1
Project("{FAE04EC0-301F-11D3-BF4B-00C04F79EFBC}") = "Db.Helper", "Db.Helper\Db.Helper.csproj", "{D01F161E-8569-470B-9B0F-ED25856FEBA7}"
EndProject
Global
	GlobalSection(SolutionConfigurationPlatforms) = preSolution
		Debug|Any CPU = Debug|Any CPU
		Release|Any CPU = Release|Any CPU
	EndGlobalSection
	GlobalSection(ProjectConfigurationPlatforms) = postSolution
		{D01F161E-8569-470B-9B0F-ED25856FEBA7}.Debug|Any CPU.ActiveCfg = Debug|Any CPU
		{D01F161E-8569-470B-9B0F-ED25856FEBA7}.Debug|Any CPU.Build.0 = Debug|Any CPU
		{D01F161E-8569-470B-9B0F-ED25856FEBA7}.Release|Any CPU.ActiveCfg = Release|Any CPU
		{D01F161E-8569-470B-9B0F-ED25856FEBA7}.Release|Any CPU.Build.0 = Release|Any CPU
	EndGlobalSection
	GlobalSection(SolutionProperties) = preSolution
		HideSolutionNode = FALSE
	EndGlobalSection
	GlobalSection(ExtensibilityGlobals) = postSolution
		SolutionGuid = {1EFDD0B0-2303-4422-A100-6D070F516D9F}
	EndGlobalSection
EndGlobal
